
Microsoft Visual Studio Solution File, Format Version 12.00
# Visual Studio Version 16
VisualStudioVersion = 16.0.31729.503
MinimumVisualStudioVersion = 10.0.40219.1
Project("{FAE04EC0-301F-11D3-BF4B-00C04F79EFBC}") = "CustomStacks", "CustomStacks\CustomStacks.csproj", "{56A76C75-1617-418A-BABD-6F811167379A}"
EndProject
Global
	GlobalSection(SolutionConfigurationPlatforms) = preSolution
		Debug|Any CPU = Debug|Any CPU
		Release|Any CPU = Release|Any CPU
	EndGlobalSection
	GlobalSection(ProjectConfigurationPlatforms) = postSolution
		{56A76C75-1617-418A-BABD-6F811167379A}.Debug|Any CPU.ActiveCfg = Debug|Any CPU
		{56A76C75-1617-418A-BABD-6F811167379A}.Debug|Any CPU.Build.0 = Debug|Any CPU
		{56A76C75-1617-418A-BABD-6F811167379A}.Release|Any CPU.ActiveCfg = Release|Any CPU
		{56A76C75-1617-418A-BABD-6F811167379A}.Release|Any CPU.Build.0 = Release|Any CPU
	EndGlobalSection
	GlobalSection(SolutionProperties) = preSolution
		HideSolutionNode = FALSE
	EndGlobalSection
	GlobalSection(ExtensibilityGlobals) = postSolution
		SolutionGuid = {60D42BCC-27A4-4022-A68D-8E48E451FF83}
	EndGlobalSection
EndGlobal
